// !$*UTF8*$!
{
	archiveVersion = 1;
	classes = {
	};
	objectVersion = 56;
	objects = {

/* Begin PBXBuildFile section */
		5204C2D52BC0180400DD5146 /* experiment.usdz in Resources */ = {isa = PBXBuildFile; fileRef = 5204C2D42BC0180400DD5146 /* experiment.usdz */; };
		5204C2D72BC01BA100DD5146 /* donut.usdz in Resources */ = {isa = PBXBuildFile; fileRef = 5204C2D62BC01BA100DD5146 /* donut.usdz */; };
		5204C2D92BC01BFB00DD5146 /* groudon.usdz in Resources */ = {isa = PBXBuildFile; fileRef = 5204C2D82BC01BFB00DD5146 /* groudon.usdz */; };
		5204C2DB2BC01CF600DD5146 /* groudon2.usdz in Resources */ = {isa = PBXBuildFile; fileRef = 5204C2DA2BC01CF600DD5146 /* groudon2.usdz */; };
		5204C2DE2BC0210A00DD5146 /* Pipelines.swift in Sources */ = {isa = PBXBuildFile; fileRef = 5204C2DD2BC0210A00DD5146 /* Pipelines.swift */; };
		5204C2E02BC0211200DD5146 /* RenderPass.swift in Sources */ = {isa = PBXBuildFile; fileRef = 5204C2DF2BC0211200DD5146 /* RenderPass.swift */; };
		5204C2E22BC0211D00DD5146 /* ForwardRenderPass.swift in Sources */ = {isa = PBXBuildFile; fileRef = 5204C2E12BC0211D00DD5146 /* ForwardRenderPass.swift */; };
		52720EA32BB7284500014FC6 /* MathLibrary.swift in Sources */ = {isa = PBXBuildFile; fileRef = 52720EA22BB7284500014FC6 /* MathLibrary.swift */; };
		52720EA52BB72E3700014FC6 /* Model.swift in Sources */ = {isa = PBXBuildFile; fileRef = 52720EA42BB72E3700014FC6 /* Model.swift */; };
		52720EA72BB72F4300014FC6 /* Rendering.swift in Sources */ = {isa = PBXBuildFile; fileRef = 52720EA62BB72F4300014FC6 /* Rendering.swift */; };
		52720EA92BB72FB200014FC6 /* VertexDescriptor.swift in Sources */ = {isa = PBXBuildFile; fileRef = 52720EA82BB72FB200014FC6 /* VertexDescriptor.swift */; };
		52720EAC2BB7454000014FC6 /* typhlosion.usdz in Resources */ = {isa = PBXBuildFile; fileRef = 52720EAB2BB7454000014FC6 /* typhlosion.usdz */; };
		52720EAE2BB748CC00014FC6 /* Transform.swift in Sources */ = {isa = PBXBuildFile; fileRef = 52720EAD2BB748CC00014FC6 /* Transform.swift */; };
		52720EB02BB74CA700014FC6 /* GameScene.swift in Sources */ = {isa = PBXBuildFile; fileRef = 52720EAF2BB74CA700014FC6 /* GameScene.swift */; };
		52720EB22BB74EA000014FC6 /* Mesh.swift in Sources */ = {isa = PBXBuildFile; fileRef = 52720EB12BB74EA000014FC6 /* Mesh.swift */; };
		52720EB42BB74F4000014FC6 /* Submesh.swift in Sources */ = {isa = PBXBuildFile; fileRef = 52720EB32BB74F4000014FC6 /* Submesh.swift */; };
		52720EB72BB7568B00014FC6 /* Camera.swift in Sources */ = {isa = PBXBuildFile; fileRef = 52720EB62BB7568B00014FC6 /* Camera.swift */; };
		52720EB92BB758A900014FC6 /* InputController.swift in Sources */ = {isa = PBXBuildFile; fileRef = 52720EB82BB758A900014FC6 /* InputController.swift */; };
		52720EBD2BB7945500014FC6 /* Movement.swift in Sources */ = {isa = PBXBuildFile; fileRef = 52720EBC2BB7945500014FC6 /* Movement.swift */; };
		5280FA722BB6E76D007D3BE0 /* MetalView.swift in Sources */ = {isa = PBXBuildFile; fileRef = 5280FA712BB6E76D007D3BE0 /* MetalView.swift */; };
		5280FA742BB6E841007D3BE0 /* Renderer.swift in Sources */ = {isa = PBXBuildFile; fileRef = 5280FA732BB6E841007D3BE0 /* Renderer.swift */; };
		5280FA762BB6EB41007D3BE0 /* Vertex.metal in Sources */ = {isa = PBXBuildFile; fileRef = 5280FA752BB6EB41007D3BE0 /* Vertex.metal */; };
		5280FA782BB6EB4A007D3BE0 /* Fragment.metal in Sources */ = {isa = PBXBuildFile; fileRef = 5280FA772BB6EB4A007D3BE0 /* Fragment.metal */; };
		52C25CE52BBB0F630094BD8B /* Options.swift in Sources */ = {isa = PBXBuildFile; fileRef = 52C25CE42BBB0F630094BD8B /* Options.swift */; };
		52C25CE82BBB2D7C0094BD8B /* Typhlosion.swift in Sources */ = {isa = PBXBuildFile; fileRef = 52C25CE72BBB2D7C0094BD8B /* Typhlosion.swift */; };
		52C25CF12BBB2F1A0094BD8B /* PokeCenter.swift in Sources */ = {isa = PBXBuildFile; fileRef = 52C25CF02BBB2F1A0094BD8B /* PokeCenter.swift */; };
		52C25CF52BBB2FAD0094BD8B /* TempGround.swift in Sources */ = {isa = PBXBuildFile; fileRef = 52C25CF42BBB2FAD0094BD8B /* TempGround.swift */; };
		52C25CF92BBB34F00094BD8B /* ground2.usdz in Resources */ = {isa = PBXBuildFile; fileRef = 52C25CF82BBB34F00094BD8B /* ground2.usdz */; };
		52EFE76C2BB616E900051099 /* HeartGold3DApp.swift in Sources */ = {isa = PBXBuildFile; fileRef = 52EFE76B2BB616E900051099 /* HeartGold3DApp.swift */; };
		52EFE76E2BB616E900051099 /* ContentView.swift in Sources */ = {isa = PBXBuildFile; fileRef = 52EFE76D2BB616E900051099 /* ContentView.swift */; };
		52EFE7702BB616EC00051099 /* Assets.xcassets in Resources */ = {isa = PBXBuildFile; fileRef = 52EFE76F2BB616EC00051099 /* Assets.xcassets */; };
		52EFE7742BB616EC00051099 /* Preview Assets.xcassets in Resources */ = {isa = PBXBuildFile; fileRef = 52EFE7732BB616EC00051099 /* Preview Assets.xcassets */; };
		52F95D0B2BB9B802009395BB /* Primitive.swift in Sources */ = {isa = PBXBuildFile; fileRef = 52F95D0A2BB9B802009395BB /* Primitive.swift */; };
		52F95D0F2BB9BD8F009395BB /* TextureController.swift in Sources */ = {isa = PBXBuildFile; fileRef = 52F95D0E2BB9BD8F009395BB /* TextureController.swift */; };
		52F95D132BB9CA82009395BB /* Textures.xcassets in Resources */ = {isa = PBXBuildFile; fileRef = 52F95D122BB9CA82009395BB /* Textures.xcassets */; };
		52F95D192BB9D88E009395BB /* pokecenter.usdz in Resources */ = {isa = PBXBuildFile; fileRef = 52F95D182BB9D88E009395BB /* pokecenter.usdz */; };
		52F95D252BB9F297009395BB /* GameController.swift in Sources */ = {isa = PBXBuildFile; fileRef = 52F95D242BB9F297009395BB /* GameController.swift */; };
		52F95D2B2BB9FD33009395BB /* SceneLighting.swift in Sources */ = {isa = PBXBuildFile; fileRef = 52F95D2A2BB9FD33009395BB /* SceneLighting.swift */; };
		52F95D2E2BB9FFB5009395BB /* Lighting.metal in Sources */ = {isa = PBXBuildFile; fileRef = 52F95D2D2BB9FFB5009395BB /* Lighting.metal */; };
		52F95D312BBA0AAF009395BB /* NBT.mp3 in Resources */ = {isa = PBXBuildFile; fileRef = 52F95D302BBA0AAF009395BB /* NBT.mp3 */; };
		52F95D362BBA0F22009395BB /* DebugLights.metal in Sources */ = {isa = PBXBuildFile; fileRef = 52F95D342BBA0F22009395BB /* DebugLights.metal */; };
		52F95D372BBA0F22009395BB /* DebugLights.swift in Sources */ = {isa = PBXBuildFile; fileRef = 52F95D352BBA0F22009395BB /* DebugLights.swift */; };
		52F95D392BBA1239009395BB /* ground.usdz in Resources */ = {isa = PBXBuildFile; fileRef = 52F95D382BBA1239009395BB /* ground.usdz */; };
		52F95D3B2BBA15C1009395BB /* Music.swift in Sources */ = {isa = PBXBuildFile; fileRef = 52F95D3A2BBA15C1009395BB /* Music.swift */; };
/* End PBXBuildFile section */

/* Begin PBXFileReference section */
		5204C2D42BC0180400DD5146 /* experiment.usdz */ = {isa = PBXFileReference; lastKnownFileType = file.usdz; path = experiment.usdz; sourceTree = "<group>"; };
		5204C2D62BC01BA100DD5146 /* donut.usdz */ = {isa = PBXFileReference; lastKnownFileType = file.usdz; path = donut.usdz; sourceTree = "<group>"; };
		5204C2D82BC01BFB00DD5146 /* groudon.usdz */ = {isa = PBXFileReference; lastKnownFileType = file.usdz; path = groudon.usdz; sourceTree = "<group>"; };
		5204C2DA2BC01CF600DD5146 /* groudon2.usdz */ = {isa = PBXFileReference; lastKnownFileType = file.usdz; path = groudon2.usdz; sourceTree = "<group>"; };
		5204C2DD2BC0210A00DD5146 /* Pipelines.swift */ = {isa = PBXFileReference; lastKnownFileType = sourcecode.swift; path = Pipelines.swift; sourceTree = "<group>"; };
		5204C2DF2BC0211200DD5146 /* RenderPass.swift */ = {isa = PBXFileReference; lastKnownFileType = sourcecode.swift; path = RenderPass.swift; sourceTree = "<group>"; };
		5204C2E12BC0211D00DD5146 /* ForwardRenderPass.swift */ = {isa = PBXFileReference; lastKnownFileType = sourcecode.swift; path = ForwardRenderPass.swift; sourceTree = "<group>"; };
		52720EA22BB7284500014FC6 /* MathLibrary.swift */ = {isa = PBXFileReference; lastKnownFileType = sourcecode.swift; path = MathLibrary.swift; sourceTree = "<group>"; };
		52720EA42BB72E3700014FC6 /* Model.swift */ = {isa = PBXFileReference; lastKnownFileType = sourcecode.swift; path = Model.swift; sourceTree = "<group>"; };
		52720EA62BB72F4300014FC6 /* Rendering.swift */ = {isa = PBXFileReference; lastKnownFileType = sourcecode.swift; path = Rendering.swift; sourceTree = "<group>"; };
		52720EA82BB72FB200014FC6 /* VertexDescriptor.swift */ = {isa = PBXFileReference; lastKnownFileType = sourcecode.swift; path = VertexDescriptor.swift; sourceTree = "<group>"; };
		52720EAA2BB7425E00014FC6 /* Common.h */ = {isa = PBXFileReference; lastKnownFileType = sourcecode.c.h; path = Common.h; sourceTree = "<group>"; };
		52720EAB2BB7454000014FC6 /* typhlosion.usdz */ = {isa = PBXFileReference; lastKnownFileType = file.usdz; path = typhlosion.usdz; sourceTree = "<group>"; };
		52720EAD2BB748CC00014FC6 /* Transform.swift */ = {isa = PBXFileReference; lastKnownFileType = sourcecode.swift; path = Transform.swift; sourceTree = "<group>"; };
		52720EAF2BB74CA700014FC6 /* GameScene.swift */ = {isa = PBXFileReference; lastKnownFileType = sourcecode.swift; path = GameScene.swift; sourceTree = "<group>"; };
		52720EB12BB74EA000014FC6 /* Mesh.swift */ = {isa = PBXFileReference; lastKnownFileType = sourcecode.swift; path = Mesh.swift; sourceTree = "<group>"; };
		52720EB32BB74F4000014FC6 /* Submesh.swift */ = {isa = PBXFileReference; lastKnownFileType = sourcecode.swift; path = Submesh.swift; sourceTree = "<group>"; };
		52720EB52BB7556E00014FC6 /* ShaderDefs.h */ = {isa = PBXFileReference; lastKnownFileType = sourcecode.c.h; path = ShaderDefs.h; sourceTree = "<group>"; };
		52720EB62BB7568B00014FC6 /* Camera.swift */ = {isa = PBXFileReference; lastKnownFileType = sourcecode.swift; path = Camera.swift; sourceTree = "<group>"; };
		52720EB82BB758A900014FC6 /* InputController.swift */ = {isa = PBXFileReference; lastKnownFileType = sourcecode.swift; path = InputController.swift; sourceTree = "<group>"; };
		52720EBA2BB75DEF00014FC6 /* Info.plist */ = {isa = PBXFileReference; lastKnownFileType = text.plist; path = Info.plist; sourceTree = "<group>"; };
		52720EBC2BB7945500014FC6 /* Movement.swift */ = {isa = PBXFileReference; lastKnownFileType = sourcecode.swift; path = Movement.swift; sourceTree = "<group>"; };
		5280FA712BB6E76D007D3BE0 /* MetalView.swift */ = {isa = PBXFileReference; fileEncoding = 4; lastKnownFileType = sourcecode.swift; path = MetalView.swift; sourceTree = "<group>"; };
		5280FA732BB6E841007D3BE0 /* Renderer.swift */ = {isa = PBXFileReference; lastKnownFileType = sourcecode.swift; path = Renderer.swift; sourceTree = "<group>"; };
		5280FA752BB6EB41007D3BE0 /* Vertex.metal */ = {isa = PBXFileReference; lastKnownFileType = sourcecode.metal; path = Vertex.metal; sourceTree = "<group>"; };
		5280FA772BB6EB4A007D3BE0 /* Fragment.metal */ = {isa = PBXFileReference; lastKnownFileType = sourcecode.metal; path = Fragment.metal; sourceTree = "<group>"; };
		52C25CE42BBB0F630094BD8B /* Options.swift */ = {isa = PBXFileReference; lastKnownFileType = sourcecode.swift; path = Options.swift; sourceTree = "<group>"; };
		52C25CE72BBB2D7C0094BD8B /* Typhlosion.swift */ = {isa = PBXFileReference; lastKnownFileType = sourcecode.swift; path = Typhlosion.swift; sourceTree = "<group>"; };
		52C25CF02BBB2F1A0094BD8B /* PokeCenter.swift */ = {isa = PBXFileReference; lastKnownFileType = sourcecode.swift; path = PokeCenter.swift; sourceTree = "<group>"; };
		52C25CF42BBB2FAD0094BD8B /* TempGround.swift */ = {isa = PBXFileReference; lastKnownFileType = sourcecode.swift; path = TempGround.swift; sourceTree = "<group>"; };
		52C25CF82BBB34F00094BD8B /* ground2.usdz */ = {isa = PBXFileReference; lastKnownFileType = file.usdz; path = ground2.usdz; sourceTree = "<group>"; };
		52EFE7682BB616E900051099 /* HeartGold3D.app */ = {isa = PBXFileReference; explicitFileType = wrapper.application; includeInIndex = 0; path = HeartGold3D.app; sourceTree = BUILT_PRODUCTS_DIR; };
		52EFE76B2BB616E900051099 /* HeartGold3DApp.swift */ = {isa = PBXFileReference; lastKnownFileType = sourcecode.swift; path = HeartGold3DApp.swift; sourceTree = "<group>"; };
		52EFE76D2BB616E900051099 /* ContentView.swift */ = {isa = PBXFileReference; lastKnownFileType = sourcecode.swift; path = ContentView.swift; sourceTree = "<group>"; };
		52EFE76F2BB616EC00051099 /* Assets.xcassets */ = {isa = PBXFileReference; lastKnownFileType = folder.assetcatalog; path = Assets.xcassets; sourceTree = "<group>"; };
		52EFE7712BB616EC00051099 /* HeartGold3D.entitlements */ = {isa = PBXFileReference; lastKnownFileType = text.plist.entitlements; path = HeartGold3D.entitlements; sourceTree = "<group>"; };
		52EFE7732BB616EC00051099 /* Preview Assets.xcassets */ = {isa = PBXFileReference; lastKnownFileType = folder.assetcatalog; path = "Preview Assets.xcassets"; sourceTree = "<group>"; };
		52F95D0A2BB9B802009395BB /* Primitive.swift */ = {isa = PBXFileReference; lastKnownFileType = sourcecode.swift; path = Primitive.swift; sourceTree = "<group>"; };
		52F95D0E2BB9BD8F009395BB /* TextureController.swift */ = {isa = PBXFileReference; lastKnownFileType = sourcecode.swift; path = TextureController.swift; sourceTree = "<group>"; };
		52F95D122BB9CA82009395BB /* Textures.xcassets */ = {isa = PBXFileReference; lastKnownFileType = folder.assetcatalog; path = Textures.xcassets; sourceTree = "<group>"; };
		52F95D182BB9D88E009395BB /* pokecenter.usdz */ = {isa = PBXFileReference; lastKnownFileType = file.usdz; path = pokecenter.usdz; sourceTree = "<group>"; };
		52F95D242BB9F297009395BB /* GameController.swift */ = {isa = PBXFileReference; lastKnownFileType = sourcecode.swift; path = GameController.swift; sourceTree = "<group>"; };
		52F95D2A2BB9FD33009395BB /* SceneLighting.swift */ = {isa = PBXFileReference; lastKnownFileType = sourcecode.swift; path = SceneLighting.swift; sourceTree = "<group>"; };
		52F95D2C2BB9FFAC009395BB /* Lighting.h */ = {isa = PBXFileReference; lastKnownFileType = sourcecode.c.h; path = Lighting.h; sourceTree = "<group>"; };
		52F95D2D2BB9FFB5009395BB /* Lighting.metal */ = {isa = PBXFileReference; lastKnownFileType = sourcecode.metal; path = Lighting.metal; sourceTree = "<group>"; };
		52F95D302BBA0AAF009395BB /* NBT.mp3 */ = {isa = PBXFileReference; lastKnownFileType = audio.mp3; path = NBT.mp3; sourceTree = "<group>"; };
		52F95D342BBA0F22009395BB /* DebugLights.metal */ = {isa = PBXFileReference; fileEncoding = 4; lastKnownFileType = sourcecode.metal; path = DebugLights.metal; sourceTree = "<group>"; };
		52F95D352BBA0F22009395BB /* DebugLights.swift */ = {isa = PBXFileReference; fileEncoding = 4; lastKnownFileType = sourcecode.swift; path = DebugLights.swift; sourceTree = "<group>"; };
		52F95D382BBA1239009395BB /* ground.usdz */ = {isa = PBXFileReference; lastKnownFileType = file.usdz; path = ground.usdz; sourceTree = "<group>"; };
		52F95D3A2BBA15C1009395BB /* Music.swift */ = {isa = PBXFileReference; lastKnownFileType = sourcecode.swift; path = Music.swift; sourceTree = "<group>"; };
/* End PBXFileReference section */

/* Begin PBXFrameworksBuildPhase section */
		52EFE7652BB616E900051099 /* Frameworks */ = {
			isa = PBXFrameworksBuildPhase;
			buildActionMask = 2147483647;
			files = (
			);
			runOnlyForDeploymentPostprocessing = 0;
		};
/* End PBXFrameworksBuildPhase section */

/* Begin PBXGroup section */
		5204C2DC2BC020F800DD5146 /* RenderPasses */ = {
			isa = PBXGroup;
			children = (
				5204C2DD2BC0210A00DD5146 /* Pipelines.swift */,
				5204C2DF2BC0211200DD5146 /* RenderPass.swift */,
				5204C2E12BC0211D00DD5146 /* ForwardRenderPass.swift */,
			);
			path = RenderPasses;
			sourceTree = "<group>";
		};
		52C25CE62BBB2D720094BD8B /* Pokemon */ = {
			isa = PBXGroup;
			children = (
				52C25CE72BBB2D7C0094BD8B /* Typhlosion.swift */,
			);
			path = Pokemon;
			sourceTree = "<group>";
		};
		52C25CE92BBB2E480094BD8B /* Resources */ = {
			isa = PBXGroup;
			children = (
				5204C2DA2BC01CF600DD5146 /* groudon2.usdz */,
				5204C2D82BC01BFB00DD5146 /* groudon.usdz */,
				5204C2D62BC01BA100DD5146 /* donut.usdz */,
				5204C2D42BC0180400DD5146 /* experiment.usdz */,
				52C25CEE2BBB2E870094BD8B /* Sounds */,
				52C25CEA2BBB2E4F0094BD8B /* Models */,
			);
			path = Resources;
			sourceTree = "<group>";
		};
		52C25CEA2BBB2E4F0094BD8B /* Models */ = {
			isa = PBXGroup;
			children = (
				52C25CED2BBB2E6B0094BD8B /* Environment */,
				52C25CEC2BBB2E590094BD8B /* Buildings */,
				52C25CEB2BBB2E550094BD8B /* Pokemon */,
			);
			path = Models;
			sourceTree = "<group>";
		};
		52C25CEB2BBB2E550094BD8B /* Pokemon */ = {
			isa = PBXGroup;
			children = (
				52720EAB2BB7454000014FC6 /* typhlosion.usdz */,
			);
			path = Pokemon;
			sourceTree = "<group>";
		};
		52C25CEC2BBB2E590094BD8B /* Buildings */ = {
			isa = PBXGroup;
			children = (
				52F95D182BB9D88E009395BB /* pokecenter.usdz */,
			);
			path = Buildings;
			sourceTree = "<group>";
		};
		52C25CED2BBB2E6B0094BD8B /* Environment */ = {
			isa = PBXGroup;
			children = (
				52C25CF82BBB34F00094BD8B /* ground2.usdz */,
				52F95D382BBA1239009395BB /* ground.usdz */,
			);
			path = Environment;
			sourceTree = "<group>";
		};
		52C25CEE2BBB2E870094BD8B /* Sounds */ = {
			isa = PBXGroup;
			children = (
				52F95D302BBA0AAF009395BB /* NBT.mp3 */,
			);
			path = Sounds;
			sourceTree = "<group>";
		};
		52C25CEF2BBB2F0B0094BD8B /* Buildings */ = {
			isa = PBXGroup;
			children = (
				52C25CF02BBB2F1A0094BD8B /* PokeCenter.swift */,
			);
			path = Buildings;
			sourceTree = "<group>";
		};
		52C25CF22BBB2F840094BD8B /* Objects */ = {
			isa = PBXGroup;
			children = (
				52C25CF32BBB2F980094BD8B /* Environment */,
				52C25CEF2BBB2F0B0094BD8B /* Buildings */,
			);
			path = Objects;
			sourceTree = "<group>";
		};
		52C25CF32BBB2F980094BD8B /* Environment */ = {
			isa = PBXGroup;
			children = (
				52C25CF42BBB2FAD0094BD8B /* TempGround.swift */,
			);
			path = Environment;
			sourceTree = "<group>";
		};
		52EFE75F2BB616E900051099 = {
			isa = PBXGroup;
			children = (
				52EFE76A2BB616E900051099 /* HeartGold3D */,
				52EFE7692BB616E900051099 /* Products */,
			);
			sourceTree = "<group>";
		};
		52EFE7692BB616E900051099 /* Products */ = {
			isa = PBXGroup;
			children = (
				52EFE7682BB616E900051099 /* HeartGold3D.app */,
			);
			name = Products;
			sourceTree = "<group>";
		};
		52EFE76A2BB616E900051099 /* HeartGold3D */ = {
			isa = PBXGroup;
			children = (
				52EFE76B2BB616E900051099 /* HeartGold3DApp.swift */,
				5204C2DC2BC020F800DD5146 /* RenderPasses */,
				52EFE77A2BB61EE200051099 /* Game */,
				52C25CE62BBB2D720094BD8B /* Pokemon */,
				52EFE77F2BB61F1700051099 /* Utility */,
				52EFE77E2BB61F0A00051099 /* Input */,
				52EFE77B2BB61EE900051099 /* Shaders */,
				52EFE77C2BB61EEF00051099 /* Textures */,
				52C25CF22BBB2F840094BD8B /* Objects */,
				52F95D222BB9F1DD009395BB /* Geometry */,
				52C25CE92BBB2E480094BD8B /* Resources */,
				52F95D2F2BBA0AA1009395BB /* Sounds */,
				52EFE77D2BB61F0000051099 /* SwiftUI Views */,
				52EFE76F2BB616EC00051099 /* Assets.xcassets */,
				52EFE7712BB616EC00051099 /* HeartGold3D.entitlements */,
				52EFE7722BB616EC00051099 /* Preview Content */,
				52F95D122BB9CA82009395BB /* Textures.xcassets */,
				52720EBA2BB75DEF00014FC6 /* Info.plist */,
			);
			path = HeartGold3D;
			sourceTree = "<group>";
		};
		52EFE7722BB616EC00051099 /* Preview Content */ = {
			isa = PBXGroup;
			children = (
				52EFE7732BB616EC00051099 /* Preview Assets.xcassets */,
			);
			path = "Preview Content";
			sourceTree = "<group>";
		};
		52EFE77A2BB61EE200051099 /* Game */ = {
			isa = PBXGroup;
			children = (
				52720EB62BB7568B00014FC6 /* Camera.swift */,
				52720EA62BB72F4300014FC6 /* Rendering.swift */,
				5280FA732BB6E841007D3BE0 /* Renderer.swift */,
				52720EAF2BB74CA700014FC6 /* GameScene.swift */,
				52F95D242BB9F297009395BB /* GameController.swift */,
				52F95D2A2BB9FD33009395BB /* SceneLighting.swift */,
			);
			path = Game;
			sourceTree = "<group>";
		};
		52EFE77B2BB61EE900051099 /* Shaders */ = {
			isa = PBXGroup;
			children = (
				52720EAA2BB7425E00014FC6 /* Common.h */,
				5280FA752BB6EB41007D3BE0 /* Vertex.metal */,
				5280FA772BB6EB4A007D3BE0 /* Fragment.metal */,
				52720EB52BB7556E00014FC6 /* ShaderDefs.h */,
				52F95D2C2BB9FFAC009395BB /* Lighting.h */,
				52F95D2D2BB9FFB5009395BB /* Lighting.metal */,
			);
			path = Shaders;
			sourceTree = "<group>";
		};
		52EFE77C2BB61EEF00051099 /* Textures */ = {
			isa = PBXGroup;
			children = (
				52F95D0E2BB9BD8F009395BB /* TextureController.swift */,
			);
			path = Textures;
			sourceTree = "<group>";
		};
		52EFE77D2BB61F0000051099 /* SwiftUI Views */ = {
			isa = PBXGroup;
			children = (
				5280FA712BB6E76D007D3BE0 /* MetalView.swift */,
				52EFE76D2BB616E900051099 /* ContentView.swift */,
				52C25CE42BBB0F630094BD8B /* Options.swift */,
			);
			path = "SwiftUI Views";
			sourceTree = "<group>";
		};
		52EFE77E2BB61F0A00051099 /* Input */ = {
			isa = PBXGroup;
			children = (
				52720EB82BB758A900014FC6 /* InputController.swift */,
				52720EBC2BB7945500014FC6 /* Movement.swift */,
			);
			path = Input;
			sourceTree = "<group>";
		};
		52EFE77F2BB61F1700051099 /* Utility */ = {
			isa = PBXGroup;
			children = (
				52F95D342BBA0F22009395BB /* DebugLights.metal */,
				52F95D352BBA0F22009395BB /* DebugLights.swift */,
				52720EA22BB7284500014FC6 /* MathLibrary.swift */,
			);
			path = Utility;
			sourceTree = "<group>";
		};
		52F95D222BB9F1DD009395BB /* Geometry */ = {
			isa = PBXGroup;
			children = (
				52F95D0A2BB9B802009395BB /* Primitive.swift */,
				52720EAD2BB748CC00014FC6 /* Transform.swift */,
				52720EB12BB74EA000014FC6 /* Mesh.swift */,
				52720EB32BB74F4000014FC6 /* Submesh.swift */,
				52720EA82BB72FB200014FC6 /* VertexDescriptor.swift */,
				52720EA42BB72E3700014FC6 /* Model.swift */,
			);
			path = Geometry;
			sourceTree = "<group>";
		};
		52F95D2F2BBA0AA1009395BB /* Sounds */ = {
			isa = PBXGroup;
			children = (
				52F95D3A2BBA15C1009395BB /* Music.swift */,
			);
			path = Sounds;
			sourceTree = "<group>";
		};
/* End PBXGroup section */

/* Begin PBXNativeTarget section */
		52EFE7672BB616E900051099 /* HeartGold3D */ = {
			isa = PBXNativeTarget;
			buildConfigurationList = 52EFE7772BB616EC00051099 /* Build configuration list for PBXNativeTarget "HeartGold3D" */;
			buildPhases = (
				52EFE7642BB616E900051099 /* Sources */,
				52EFE7652BB616E900051099 /* Frameworks */,
				52EFE7662BB616E900051099 /* Resources */,
			);
			buildRules = (
			);
			dependencies = (
			);
			name = HeartGold3D;
			productName = HeartGold3D;
			productReference = 52EFE7682BB616E900051099 /* HeartGold3D.app */;
			productType = "com.apple.product-type.application";
		};
/* End PBXNativeTarget section */

/* Begin PBXProject section */
		52EFE7602BB616E900051099 /* Project object */ = {
			isa = PBXProject;
			attributes = {
				BuildIndependentTargetsInParallel = 1;
				LastSwiftUpdateCheck = 1530;
				LastUpgradeCheck = 1530;
				TargetAttributes = {
					52EFE7672BB616E900051099 = {
						CreatedOnToolsVersion = 15.3;
					};
				};
			};
			buildConfigurationList = 52EFE7632BB616E900051099 /* Build configuration list for PBXProject "HeartGold3D" */;
			compatibilityVersion = "Xcode 14.0";
			developmentRegion = en;
			hasScannedForEncodings = 0;
			knownRegions = (
				en,
				Base,
			);
			mainGroup = 52EFE75F2BB616E900051099;
			productRefGroup = 52EFE7692BB616E900051099 /* Products */;
			projectDirPath = "";
			projectRoot = "";
			targets = (
				52EFE7672BB616E900051099 /* HeartGold3D */,
			);
		};
/* End PBXProject section */

/* Begin PBXResourcesBuildPhase section */
		52EFE7662BB616E900051099 /* Resources */ = {
			isa = PBXResourcesBuildPhase;
			buildActionMask = 2147483647;
			files = (
				52720EAC2BB7454000014FC6 /* typhlosion.usdz in Resources */,
				5204C2DB2BC01CF600DD5146 /* groudon2.usdz in Resources */,
				52C25CF92BBB34F00094BD8B /* ground2.usdz in Resources */,
				5204C2D52BC0180400DD5146 /* experiment.usdz in Resources */,
				5204C2D92BC01BFB00DD5146 /* groudon.usdz in Resources */,
				52EFE7742BB616EC00051099 /* Preview Assets.xcassets in Resources */,
				5204C2D72BC01BA100DD5146 /* donut.usdz in Resources */,
				52EFE7702BB616EC00051099 /* Assets.xcassets in Resources */,
				52F95D192BB9D88E009395BB /* pokecenter.usdz in Resources */,
				52F95D392BBA1239009395BB /* ground.usdz in Resources */,
				52F95D312BBA0AAF009395BB /* NBT.mp3 in Resources */,
				52F95D132BB9CA82009395BB /* Textures.xcassets in Resources */,
			);
			runOnlyForDeploymentPostprocessing = 0;
		};
/* End PBXResourcesBuildPhase section */

/* Begin PBXSourcesBuildPhase section */
		52EFE7642BB616E900051099 /* Sources */ = {
			isa = PBXSourcesBuildPhase;
			buildActionMask = 2147483647;
			files = (
				52720EAE2BB748CC00014FC6 /* Transform.swift in Sources */,
				52F95D252BB9F297009395BB /* GameController.swift in Sources */,
				5204C2E02BC0211200DD5146 /* RenderPass.swift in Sources */,
				52C25CE52BBB0F630094BD8B /* Options.swift in Sources */,
				52720EB22BB74EA000014FC6 /* Mesh.swift in Sources */,
				52F95D0F2BB9BD8F009395BB /* TextureController.swift in Sources */,
				52720EA92BB72FB200014FC6 /* VertexDescriptor.swift in Sources */,
				5280FA742BB6E841007D3BE0 /* Renderer.swift in Sources */,
				52720EA32BB7284500014FC6 /* MathLibrary.swift in Sources */,
				5280FA782BB6EB4A007D3BE0 /* Fragment.metal in Sources */,
				5280FA722BB6E76D007D3BE0 /* MetalView.swift in Sources */,
				52F95D2E2BB9FFB5009395BB /* Lighting.metal in Sources */,
				5204C2DE2BC0210A00DD5146 /* Pipelines.swift in Sources */,
				52720EB92BB758A900014FC6 /* InputController.swift in Sources */,
				52C25CE82BBB2D7C0094BD8B /* Typhlosion.swift in Sources */,
				52C25CF52BBB2FAD0094BD8B /* TempGround.swift in Sources */,
				52720EB02BB74CA700014FC6 /* GameScene.swift in Sources */,
				5280FA762BB6EB41007D3BE0 /* Vertex.metal in Sources */,
				52EFE76E2BB616E900051099 /* ContentView.swift in Sources */,
				52EFE76C2BB616E900051099 /* HeartGold3DApp.swift in Sources */,
				52720EB72BB7568B00014FC6 /* Camera.swift in Sources */,
				52F95D0B2BB9B802009395BB /* Primitive.swift in Sources */,
				52C25CF12BBB2F1A0094BD8B /* PokeCenter.swift in Sources */,
				52F95D3B2BBA15C1009395BB /* Music.swift in Sources */,
				52720EB42BB74F4000014FC6 /* Submesh.swift in Sources */,
				52F95D362BBA0F22009395BB /* DebugLights.metal in Sources */,
				52720EA52BB72E3700014FC6 /* Model.swift in Sources */,
				52720EBD2BB7945500014FC6 /* Movement.swift in Sources */,
				52F95D2B2BB9FD33009395BB /* SceneLighting.swift in Sources */,
				52F95D372BBA0F22009395BB /* DebugLights.swift in Sources */,
				5204C2E22BC0211D00DD5146 /* ForwardRenderPass.swift in Sources */,
				52720EA72BB72F4300014FC6 /* Rendering.swift in Sources */,
			);
			runOnlyForDeploymentPostprocessing = 0;
		};
/* End PBXSourcesBuildPhase section */

/* Begin XCBuildConfiguration section */
		52EFE7752BB616EC00051099 /* Debug */ = {
			isa = XCBuildConfiguration;
			buildSettings = {
				ALWAYS_SEARCH_USER_PATHS = NO;
				ASSETCATALOG_COMPILER_GENERATE_SWIFT_ASSET_SYMBOL_EXTENSIONS = YES;
				CLANG_ANALYZER_NONNULL = YES;
				CLANG_ANALYZER_NUMBER_OBJECT_CONVERSION = YES_AGGRESSIVE;
				CLANG_CXX_LANGUAGE_STANDARD = "gnu++20";
				CLANG_ENABLE_MODULES = YES;
				CLANG_ENABLE_OBJC_ARC = YES;
				CLANG_ENABLE_OBJC_WEAK = YES;
				CLANG_WARN_BLOCK_CAPTURE_AUTORELEASING = YES;
				CLANG_WARN_BOOL_CONVERSION = YES;
				CLANG_WARN_COMMA = YES;
				CLANG_WARN_CONSTANT_CONVERSION = YES;
				CLANG_WARN_DEPRECATED_OBJC_IMPLEMENTATIONS = YES;
				CLANG_WARN_DIRECT_OBJC_ISA_USAGE = YES_ERROR;
				CLANG_WARN_DOCUMENTATION_COMMENTS = YES;
				CLANG_WARN_EMPTY_BODY = YES;
				CLANG_WARN_ENUM_CONVERSION = YES;
				CLANG_WARN_INFINITE_RECURSION = YES;
				CLANG_WARN_INT_CONVERSION = YES;
				CLANG_WARN_NON_LITERAL_NULL_CONVERSION = YES;
				CLANG_WARN_OBJC_IMPLICIT_RETAIN_SELF = YES;
				CLANG_WARN_OBJC_LITERAL_CONVERSION = YES;
				CLANG_WARN_OBJC_ROOT_CLASS = YES_ERROR;
				CLANG_WARN_QUOTED_INCLUDE_IN_FRAMEWORK_HEADER = YES;
				CLANG_WARN_RANGE_LOOP_ANALYSIS = YES;
				CLANG_WARN_STRICT_PROTOTYPES = YES;
				CLANG_WARN_SUSPICIOUS_MOVE = YES;
				CLANG_WARN_UNGUARDED_AVAILABILITY = YES_AGGRESSIVE;
				CLANG_WARN_UNREACHABLE_CODE = YES;
				CLANG_WARN__DUPLICATE_METHOD_MATCH = YES;
				COPY_PHASE_STRIP = NO;
				DEBUG_INFORMATION_FORMAT = dwarf;
				ENABLE_STRICT_OBJC_MSGSEND = YES;
				ENABLE_TESTABILITY = YES;
				ENABLE_USER_SCRIPT_SANDBOXING = YES;
				GCC_C_LANGUAGE_STANDARD = gnu17;
				GCC_DYNAMIC_NO_PIC = NO;
				GCC_NO_COMMON_BLOCKS = YES;
				GCC_OPTIMIZATION_LEVEL = 0;
				GCC_PREPROCESSOR_DEFINITIONS = (
					"DEBUG=1",
					"$(inherited)",
				);
				GCC_WARN_64_TO_32_BIT_CONVERSION = YES;
				GCC_WARN_ABOUT_RETURN_TYPE = YES_ERROR;
				GCC_WARN_UNDECLARED_SELECTOR = YES;
				GCC_WARN_UNINITIALIZED_AUTOS = YES_AGGRESSIVE;
				GCC_WARN_UNUSED_FUNCTION = YES;
				GCC_WARN_UNUSED_VARIABLE = YES;
				LOCALIZATION_PREFERS_STRING_CATALOGS = YES;
				MTL_ENABLE_DEBUG_INFO = INCLUDE_SOURCE;
				MTL_FAST_MATH = YES;
				ONLY_ACTIVE_ARCH = YES;
				SWIFT_ACTIVE_COMPILATION_CONDITIONS = "DEBUG $(inherited)";
				SWIFT_OPTIMIZATION_LEVEL = "-Onone";
			};
			name = Debug;
		};
		52EFE7762BB616EC00051099 /* Release */ = {
			isa = XCBuildConfiguration;
			buildSettings = {
				ALWAYS_SEARCH_USER_PATHS = NO;
				ASSETCATALOG_COMPILER_GENERATE_SWIFT_ASSET_SYMBOL_EXTENSIONS = YES;
				CLANG_ANALYZER_NONNULL = YES;
				CLANG_ANALYZER_NUMBER_OBJECT_CONVERSION = YES_AGGRESSIVE;
				CLANG_CXX_LANGUAGE_STANDARD = "gnu++20";
				CLANG_ENABLE_MODULES = YES;
				CLANG_ENABLE_OBJC_ARC = YES;
				CLANG_ENABLE_OBJC_WEAK = YES;
				CLANG_WARN_BLOCK_CAPTURE_AUTORELEASING = YES;
				CLANG_WARN_BOOL_CONVERSION = YES;
				CLANG_WARN_COMMA = YES;
				CLANG_WARN_CONSTANT_CONVERSION = YES;
				CLANG_WARN_DEPRECATED_OBJC_IMPLEMENTATIONS = YES;
				CLANG_WARN_DIRECT_OBJC_ISA_USAGE = YES_ERROR;
				CLANG_WARN_DOCUMENTATION_COMMENTS = YES;
				CLANG_WARN_EMPTY_BODY = YES;
				CLANG_WARN_ENUM_CONVERSION = YES;
				CLANG_WARN_INFINITE_RECURSION = YES;
				CLANG_WARN_INT_CONVERSION = YES;
				CLANG_WARN_NON_LITERAL_NULL_CONVERSION = YES;
				CLANG_WARN_OBJC_IMPLICIT_RETAIN_SELF = YES;
				CLANG_WARN_OBJC_LITERAL_CONVERSION = YES;
				CLANG_WARN_OBJC_ROOT_CLASS = YES_ERROR;
				CLANG_WARN_QUOTED_INCLUDE_IN_FRAMEWORK_HEADER = YES;
				CLANG_WARN_RANGE_LOOP_ANALYSIS = YES;
				CLANG_WARN_STRICT_PROTOTYPES = YES;
				CLANG_WARN_SUSPICIOUS_MOVE = YES;
				CLANG_WARN_UNGUARDED_AVAILABILITY = YES_AGGRESSIVE;
				CLANG_WARN_UNREACHABLE_CODE = YES;
				CLANG_WARN__DUPLICATE_METHOD_MATCH = YES;
				COPY_PHASE_STRIP = NO;
				DEBUG_INFORMATION_FORMAT = "dwarf-with-dsym";
				ENABLE_NS_ASSERTIONS = NO;
				ENABLE_STRICT_OBJC_MSGSEND = YES;
				ENABLE_USER_SCRIPT_SANDBOXING = YES;
				GCC_C_LANGUAGE_STANDARD = gnu17;
				GCC_NO_COMMON_BLOCKS = YES;
				GCC_WARN_64_TO_32_BIT_CONVERSION = YES;
				GCC_WARN_ABOUT_RETURN_TYPE = YES_ERROR;
				GCC_WARN_UNDECLARED_SELECTOR = YES;
				GCC_WARN_UNINITIALIZED_AUTOS = YES_AGGRESSIVE;
				GCC_WARN_UNUSED_FUNCTION = YES;
				GCC_WARN_UNUSED_VARIABLE = YES;
				LOCALIZATION_PREFERS_STRING_CATALOGS = YES;
				MTL_ENABLE_DEBUG_INFO = NO;
				MTL_FAST_MATH = YES;
				SWIFT_COMPILATION_MODE = wholemodule;
			};
			name = Release;
		};
		52EFE7782BB616EC00051099 /* Debug */ = {
			isa = XCBuildConfiguration;
			buildSettings = {
				ASSETCATALOG_COMPILER_APPICON_NAME = AppIcon;
				ASSETCATALOG_COMPILER_GLOBAL_ACCENT_COLOR_NAME = AccentColor;
				CODE_SIGN_ENTITLEMENTS = HeartGold3D/HeartGold3D.entitlements;
				CODE_SIGN_STYLE = Automatic;
				CURRENT_PROJECT_VERSION = 1;
				DEVELOPMENT_ASSET_PATHS = "\"HeartGold3D/Preview Content\"";
				DEVELOPMENT_TEAM = V8ZURP52TS;
				ENABLE_HARDENED_RUNTIME = YES;
				ENABLE_PREVIEWS = YES;
				GENERATE_INFOPLIST_FILE = YES;
				INFOPLIST_FILE = HeartGold3D/Info.plist;
				"INFOPLIST_KEY_UIApplicationSceneManifest_Generation[sdk=iphoneos*]" = YES;
				"INFOPLIST_KEY_UIApplicationSceneManifest_Generation[sdk=iphonesimulator*]" = YES;
				"INFOPLIST_KEY_UIApplicationSupportsIndirectInputEvents[sdk=iphoneos*]" = YES;
				"INFOPLIST_KEY_UIApplicationSupportsIndirectInputEvents[sdk=iphonesimulator*]" = YES;
				"INFOPLIST_KEY_UILaunchScreen_Generation[sdk=iphoneos*]" = YES;
				"INFOPLIST_KEY_UILaunchScreen_Generation[sdk=iphonesimulator*]" = YES;
				"INFOPLIST_KEY_UIStatusBarStyle[sdk=iphoneos*]" = UIStatusBarStyleDefault;
				"INFOPLIST_KEY_UIStatusBarStyle[sdk=iphonesimulator*]" = UIStatusBarStyleDefault;
				INFOPLIST_KEY_UISupportedInterfaceOrientations_iPad = "UIInterfaceOrientationPortrait UIInterfaceOrientationPortraitUpsideDown UIInterfaceOrientationLandscapeLeft UIInterfaceOrientationLandscapeRight";
				INFOPLIST_KEY_UISupportedInterfaceOrientations_iPhone = "UIInterfaceOrientationPortrait UIInterfaceOrientationLandscapeLeft UIInterfaceOrientationLandscapeRight";
				IPHONEOS_DEPLOYMENT_TARGET = 17.4;
				LD_RUNPATH_SEARCH_PATHS = "@executable_path/Frameworks";
				"LD_RUNPATH_SEARCH_PATHS[sdk=macosx*]" = "@executable_path/../Frameworks";
				MACOSX_DEPLOYMENT_TARGET = 14.4;
				MARKETING_VERSION = 1.0;
				PRODUCT_BUNDLE_IDENTIFIER = edvin.HeartGold3D;
				PRODUCT_NAME = "$(TARGET_NAME)";
				SDKROOT = auto;
				SUPPORTED_PLATFORMS = "iphoneos iphonesimulator macosx";
				SWIFT_EMIT_LOC_STRINGS = YES;
				SWIFT_OBJC_BRIDGING_HEADER = HeartGold3D/Shaders/Common.h;
				SWIFT_VERSION = 5.0;
				TARGETED_DEVICE_FAMILY = "1,2";
			};
			name = Debug;
		};
		52EFE7792BB616EC00051099 /* Release */ = {
			isa = XCBuildConfiguration;
			buildSettings = {
				ASSETCATALOG_COMPILER_APPICON_NAME = AppIcon;
				ASSETCATALOG_COMPILER_GLOBAL_ACCENT_COLOR_NAME = AccentColor;
				CODE_SIGN_ENTITLEMENTS = HeartGold3D/HeartGold3D.entitlements;
				CODE_SIGN_STYLE = Automatic;
				CURRENT_PROJECT_VERSION = 1;
				DEVELOPMENT_ASSET_PATHS = "\"HeartGold3D/Preview Content\"";
				DEVELOPMENT_TEAM = V8ZURP52TS;
				ENABLE_HARDENED_RUNTIME = YES;
				ENABLE_PREVIEWS = YES;
				GENERATE_INFOPLIST_FILE = YES;
				INFOPLIST_FILE = HeartGold3D/Info.plist;
				"INFOPLIST_KEY_UIApplicationSceneManifest_Generation[sdk=iphoneos*]" = YES;
				"INFOPLIST_KEY_UIApplicationSceneManifest_Generation[sdk=iphonesimulator*]" = YES;
				"INFOPLIST_KEY_UIApplicationSupportsIndirectInputEvents[sdk=iphoneos*]" = YES;
				"INFOPLIST_KEY_UIApplicationSupportsIndirectInputEvents[sdk=iphonesimulator*]" = YES;
				"INFOPLIST_KEY_UILaunchScreen_Generation[sdk=iphoneos*]" = YES;
				"INFOPLIST_KEY_UILaunchScreen_Generation[sdk=iphonesimulator*]" = YES;
				"INFOPLIST_KEY_UIStatusBarStyle[sdk=iphoneos*]" = UIStatusBarStyleDefault;
				"INFOPLIST_KEY_UIStatusBarStyle[sdk=iphonesimulator*]" = UIStatusBarStyleDefault;
				INFOPLIST_KEY_UISupportedInterfaceOrientations_iPad = "UIInterfaceOrientationPortrait UIInterfaceOrientationPortraitUpsideDown UIInterfaceOrientationLandscapeLeft UIInterfaceOrientationLandscapeRight";
				INFOPLIST_KEY_UISupportedInterfaceOrientations_iPhone = "UIInterfaceOrientationPortrait UIInterfaceOrientationLandscapeLeft UIInterfaceOrientationLandscapeRight";
				IPHONEOS_DEPLOYMENT_TARGET = 17.4;
				LD_RUNPATH_SEARCH_PATHS = "@executable_path/Frameworks";
				"LD_RUNPATH_SEARCH_PATHS[sdk=macosx*]" = "@executable_path/../Frameworks";
				MACOSX_DEPLOYMENT_TARGET = 14.4;
				MARKETING_VERSION = 1.0;
				PRODUCT_BUNDLE_IDENTIFIER = edvin.HeartGold3D;
				PRODUCT_NAME = "$(TARGET_NAME)";
				SDKROOT = auto;
				SUPPORTED_PLATFORMS = "iphoneos iphonesimulator macosx";
				SWIFT_EMIT_LOC_STRINGS = YES;
				SWIFT_OBJC_BRIDGING_HEADER = HeartGold3D/Shaders/Common.h;
				SWIFT_VERSION = 5.0;
				TARGETED_DEVICE_FAMILY = "1,2";
			};
			name = Release;
		};
/* End XCBuildConfiguration section */

/* Begin XCConfigurationList section */
		52EFE7632BB616E900051099 /* Build configuration list for PBXProject "HeartGold3D" */ = {
			isa = XCConfigurationList;
			buildConfigurations = (
				52EFE7752BB616EC00051099 /* Debug */,
				52EFE7762BB616EC00051099 /* Release */,
			);
			defaultConfigurationIsVisible = 0;
			defaultConfigurationName = Release;
		};
		52EFE7772BB616EC00051099 /* Build configuration list for PBXNativeTarget "HeartGold3D" */ = {
			isa = XCConfigurationList;
			buildConfigurations = (
				52EFE7782BB616EC00051099 /* Debug */,
				52EFE7792BB616EC00051099 /* Release */,
			);
			defaultConfigurationIsVisible = 0;
			defaultConfigurationName = Release;
		};
/* End XCConfigurationList section */
	};
	rootObject = 52EFE7602BB616E900051099 /* Project object */;
}
